Microsoft Visual Studio Solution File, Format Version 12.00
# Visual Studio Version 17
VisualStudioVersion = 17.5.2.0
MinimumVisualStudioVersion = 10.0.40219.1
Project("{FAE04EC0-301F-11D3-BF4B-00C04F79EFBC}") = "IFoxer", "IFoxer.csproj", "{2428077D-43AE-80EE-DB1C-B5F5A75CB62C}"
EndProject
Global
	GlobalSection(SolutionConfigurationPlatforms) = preSolution
		Debug|Any CPU = Debug|Any CPU
		Release|Any CPU = Release|Any CPU
	EndGlobalSection
	GlobalSection(ProjectConfigurationPlatforms) = postSolution
		{2428077D-43AE-80EE-DB1C-B5F5A75CB62C}.Debug|Any CPU.ActiveCfg = Debug|Any CPU
		{2428077D-43AE-80EE-DB1C-B5F5A75CB62C}.Debug|Any CPU.Build.0 = Debug|Any CPU
		{2428077D-43AE-80EE-DB1C-B5F5A75CB62C}.Release|Any CPU.ActiveCfg = Release|Any CPU
		{2428077D-43AE-80EE-DB1C-B5F5A75CB62C}.Release|Any CPU.Build.0 = Release|Any CPU
	EndGlobalSection
	GlobalSection(SolutionProperties) = preSolution
		HideSolutionNode = FALSE
	EndGlobalSection
	GlobalSection(ExtensibilityGlobals) = postSolution
		SolutionGuid = {743B09F3-99AE-496E-A8E2-FFABD5DE71BC}
	EndGlobalSection
EndGlobal
